
Microsoft Visual Studio Solution File, Format Version 12.00
# Visual Studio Version 17
VisualStudioVersion = 17.9.34723.18
MinimumVisualStudioVersion = 10.0.40219.1
Project("{FAE04EC0-301F-11D3-BF4B-00C04F79EFBC}") = "UrlShortener", "UrlShortener\UrlShortener.csproj", "{D4448686-EFB1-4262-80C6-6D037907B71B}"
EndProject
Global
	GlobalSection(SolutionConfigurationPlatforms) = preSolution
		Debug|Any CPU = Debug|Any CPU
		Release|Any CPU = Release|Any CPU
	EndGlobalSection
	GlobalSection(ProjectConfigurationPlatforms) = postSolution
		{D4448686-EFB1-4262-80C6-6D037907B71B}.Debug|Any CPU.ActiveCfg = Debug|Any CPU
		{D4448686-EFB1-4262-80C6-6D037907B71B}.Debug|Any CPU.Build.0 = Debug|Any CPU
		{D4448686-EFB1-4262-80C6-6D037907B71B}.Release|Any CPU.ActiveCfg = Release|Any CPU
		{D4448686-EFB1-4262-80C6-6D037907B71B}.Release|Any CPU.Build.0 = Release|Any CPU
	EndGlobalSection
	GlobalSection(SolutionProperties) = preSolution
		HideSolutionNode = FALSE
	EndGlobalSection
	GlobalSection(ExtensibilityGlobals) = postSolution
		SolutionGuid = {2ACE3C91-C32C-445F-B487-63F460BE0F97}
	EndGlobalSection
EndGlobal
